# Runtime lock generated from requirements.txt for the Python 3.13 production image.
asgiref==3.11.1
boto3==1.43.83
botocore==1.43.87
charset-normalizer==3.5.1
dj-database-url==3.1.2
Django==5.2.17
django-cors-headers==4.9.0
django-redis==7.0.0
django-storages==1.14.6
djangorestframework==3.17.2
djangorestframework_simplejwt==5.5.1
gunicorn==26.2.0
jmespath==1.1.0
Pillow==12.3.0
psycopg==3.3.4
psycopg-binary==3.3.4
PyJWT==2.13.0
pypdf==6.17.0
python-dateutil==2.9.0.post0
redis==8.1.0
reportlab==5.0.1
s3transfer==0.19.2
six==1.17.0
sqlparse==0.6.0
tzdata==2026.3
urllib3==2.7.0
whitenoise==6.12.0
resend==2.19.0
